
Microsoft Visual Studio Solution File, Format Version 12.00
# Visual Studio 15
VisualStudioVersion = 15.0.26730.16
MinimumVisualStudioVersion = 10.0.40219.1
Project("{2150E333-8FDC-42A3-9474-1A3956D46DE8}") = "core", "core", "{DEA73BF5-74BC-4F53-8603-48F1D37E0671}"
EndProject
Project("{2150E333-8FDC-42A3-9474-1A3956D46DE8}") = "Elasticity", "Elasticity", "{6972C933-84F9-4482-9302-3252DE771759}"
EndProject
Project("{2150E333-8FDC-42A3-9474-1A3956D46DE8}") = "ThermoDynamic", "ThermoDynamic", "{8D8D91C8-7E44-4CDD-9649-B3E8B98DA60B}"
EndProject
Project("{9A19103F-16F7-4668-BE54-9A1E7A4F7556}") = "mke_core", "Core\mke_core\mke_core.csproj", "{3D4977B4-8688-4DDC-8B52-E28C2A3AED32}"
EndProject
Project("{9A19103F-16F7-4668-BE54-9A1E7A4F7556}") = "bhmke_console", "Elastic\bhmke_console\bhmke_console.csproj", "{BC47AB69-3AB6-423E-8056-2567586C7D2B}"
EndProject
Project("{9A19103F-16F7-4668-BE54-9A1E7A4F7556}") = "Space1DFiniteElements", "Elastic\Space1DFiniteElements\Space1DFiniteElements.csproj", "{ACBC16E8-2E55-436F-B7A8-AFB2BB180C06}"
EndProject
Project("{9A19103F-16F7-4668-BE54-9A1E7A4F7556}") = "HeatTransfer2D", "Thermo\HeatTransfer2D\HeatTransfer2D.csproj", "{BCC66444-7E30-41CD-A3A2-84FEA7613D07}"
EndProject
Project("{FAE04EC0-301F-11D3-BF4B-00C04F79EFBC}") = "HeatTransferWnd", "Thermo\HeatTransferWnd\HeatTransferWnd.csproj", "{4C5B6B7F-F8A6-469E-8E1D-3D1ED7FE9859}"
EndProject
Global
	GlobalSection(SolutionConfigurationPlatforms) = preSolution
		Debug|Any CPU = Debug|Any CPU
		Release|Any CPU = Release|Any CPU
	EndGlobalSection
	GlobalSection(ProjectConfigurationPlatforms) = postSolution
		{3D4977B4-8688-4DDC-8B52-E28C2A3AED32}.Debug|Any CPU.ActiveCfg = Debug|Any CPU
		{3D4977B4-8688-4DDC-8B52-E28C2A3AED32}.Debug|Any CPU.Build.0 = Debug|Any CPU
		{3D4977B4-8688-4DDC-8B52-E28C2A3AED32}.Release|Any CPU.ActiveCfg = Release|Any CPU
		{3D4977B4-8688-4DDC-8B52-E28C2A3AED32}.Release|Any CPU.Build.0 = Release|Any CPU
		{BC47AB69-3AB6-423E-8056-2567586C7D2B}.Debug|Any CPU.ActiveCfg = Debug|Any CPU
		{BC47AB69-3AB6-423E-8056-2567586C7D2B}.Debug|Any CPU.Build.0 = Debug|Any CPU
		{BC47AB69-3AB6-423E-8056-2567586C7D2B}.Release|Any CPU.ActiveCfg = Release|Any CPU
		{BC47AB69-3AB6-423E-8056-2567586C7D2B}.Release|Any CPU.Build.0 = Release|Any CPU
		{ACBC16E8-2E55-436F-B7A8-AFB2BB180C06}.Debug|Any CPU.ActiveCfg = Debug|Any CPU
		{ACBC16E8-2E55-436F-B7A8-AFB2BB180C06}.Debug|Any CPU.Build.0 = Debug|Any CPU
		{ACBC16E8-2E55-436F-B7A8-AFB2BB180C06}.Release|Any CPU.ActiveCfg = Release|Any CPU
		{ACBC16E8-2E55-436F-B7A8-AFB2BB180C06}.Release|Any CPU.Build.0 = Release|Any CPU
		{BCC66444-7E30-41CD-A3A2-84FEA7613D07}.Debug|Any CPU.ActiveCfg = Debug|Any CPU
		{BCC66444-7E30-41CD-A3A2-84FEA7613D07}.Debug|Any CPU.Build.0 = Debug|Any CPU
		{BCC66444-7E30-41CD-A3A2-84FEA7613D07}.Release|Any CPU.ActiveCfg = Release|Any CPU
		{BCC66444-7E30-41CD-A3A2-84FEA7613D07}.Release|Any CPU.Build.0 = Release|Any CPU
		{4C5B6B7F-F8A6-469E-8E1D-3D1ED7FE9859}.Debug|Any CPU.ActiveCfg = Debug|Any CPU
		{4C5B6B7F-F8A6-469E-8E1D-3D1ED7FE9859}.Debug|Any CPU.Build.0 = Debug|Any CPU
		{4C5B6B7F-F8A6-469E-8E1D-3D1ED7FE9859}.Release|Any CPU.ActiveCfg = Release|Any CPU
		{4C5B6B7F-F8A6-469E-8E1D-3D1ED7FE9859}.Release|Any CPU.Build.0 = Release|Any CPU
	EndGlobalSection
	GlobalSection(SolutionProperties) = preSolution
		HideSolutionNode = FALSE
	EndGlobalSection
	GlobalSection(NestedProjects) = preSolution
		{3D4977B4-8688-4DDC-8B52-E28C2A3AED32} = {DEA73BF5-74BC-4F53-8603-48F1D37E0671}
		{BC47AB69-3AB6-423E-8056-2567586C7D2B} = {6972C933-84F9-4482-9302-3252DE771759}
		{ACBC16E8-2E55-436F-B7A8-AFB2BB180C06} = {6972C933-84F9-4482-9302-3252DE771759}
		{BCC66444-7E30-41CD-A3A2-84FEA7613D07} = {8D8D91C8-7E44-4CDD-9649-B3E8B98DA60B}
		{4C5B6B7F-F8A6-469E-8E1D-3D1ED7FE9859} = {8D8D91C8-7E44-4CDD-9649-B3E8B98DA60B}
	EndGlobalSection
	GlobalSection(ExtensibilityGlobals) = postSolution
		SolutionGuid = {F47F76D5-58B4-4DB7-8A9D-70E7CDA26502}
	EndGlobalSection
EndGlobal
